Microsoft Visual Studio Solution File, Format Version 12.00
# Visual Studio Version 17
VisualStudioVersion = 17.5.2.0
MinimumVisualStudioVersion = 10.0.40219.1
Project("{FAE04EC0-301F-11D3-BF4B-00C04F79EFBC}") = "dioflix", "dataStorage\dioflix.csproj", "{6CA6C78F-18D0-4284-261E-C48D09A77C31}"
EndProject
Project("{2150E333-8FDC-42A3-9474-1A3956D46DE8}") = "dataStorage", "dataStorage", "{4CBCB214-FAC4-C029-3EDB-950D53EB2404}"
EndProject
Project("{2150E333-8FDC-42A3-9474-1A3956D46DE8}") = "obj", "obj", "{DB0B9E31-F983-F4B4-BBFE-4D35B4EE2BE7}"
EndProject
Project("{2150E333-8FDC-42A3-9474-1A3956D46DE8}") = "Debug", "Debug", "{08CB11A3-CC7B-FE30-90A0-B2F97619640B}"
EndProject
Project("{2150E333-8FDC-42A3-9474-1A3956D46DE8}") = "net8.0", "net8.0", "{7E223204-74A9-31A7-471C-D2700499D0ED}"
EndProject
Project("{FAE04EC0-301F-11D3-BF4B-00C04F79EFBC}") = "WorkerExtensions", "dataStorage\obj\Debug\net8.0\WorkerExtensions\WorkerExtensions.csproj", "{5048076F-8FFD-77B1-F96D-CF0020BFCC7F}"
EndProject
Global
	GlobalSection(SolutionConfigurationPlatforms) = preSolution
		Debug|Any CPU = Debug|Any CPU
		Release|Any CPU = Release|Any CPU
	EndGlobalSection
	GlobalSection(ProjectConfigurationPlatforms) = postSolution
		{6CA6C78F-18D0-4284-261E-C48D09A77C31}.Debug|Any CPU.ActiveCfg = Debug|Any CPU
		{6CA6C78F-18D0-4284-261E-C48D09A77C31}.Debug|Any CPU.Build.0 = Debug|Any CPU
		{6CA6C78F-18D0-4284-261E-C48D09A77C31}.Release|Any CPU.ActiveCfg = Release|Any CPU
		{6CA6C78F-18D0-4284-261E-C48D09A77C31}.Release|Any CPU.Build.0 = Release|Any CPU
		{5048076F-8FFD-77B1-F96D-CF0020BFCC7F}.Debug|Any CPU.ActiveCfg = Debug|Any CPU
		{5048076F-8FFD-77B1-F96D-CF0020BFCC7F}.Debug|Any CPU.Build.0 = Debug|Any CPU
		{5048076F-8FFD-77B1-F96D-CF0020BFCC7F}.Release|Any CPU.ActiveCfg = Release|Any CPU
		{5048076F-8FFD-77B1-F96D-CF0020BFCC7F}.Release|Any CPU.Build.0 = Release|Any CPU
	EndGlobalSection
	GlobalSection(SolutionProperties) = preSolution
		HideSolutionNode = FALSE
	EndGlobalSection
	GlobalSection(NestedProjects) = preSolution
		{DB0B9E31-F983-F4B4-BBFE-4D35B4EE2BE7} = {4CBCB214-FAC4-C029-3EDB-950D53EB2404}
		{08CB11A3-CC7B-FE30-90A0-B2F97619640B} = {DB0B9E31-F983-F4B4-BBFE-4D35B4EE2BE7}
		{7E223204-74A9-31A7-471C-D2700499D0ED} = {08CB11A3-CC7B-FE30-90A0-B2F97619640B}
		{5048076F-8FFD-77B1-F96D-CF0020BFCC7F} = {7E223204-74A9-31A7-471C-D2700499D0ED}
	EndGlobalSection
	GlobalSection(ExtensibilityGlobals) = postSolution
		SolutionGuid = {D9A448EE-1318-4B35-A8F9-674C5C393A90}
	EndGlobalSection
EndGlobal
